
Microsoft Visual Studio Solution File, Format Version 12.00
# Visual Studio Version 17
VisualStudioVersion = 17.9.34728.123
MinimumVisualStudioVersion = 10.0.40219.1
Project("{8BC9CEB8-8B4A-11D0-8D11-00A0C91BC942}") = "OOP_Lab13_list", "OOP_Lab13\OOP_Lab13.vcxproj", "{DFDC6B21-305A-4410-AEB2-E6285F969AF7}"
EndProject
Project("{8BC9CEB8-8B4A-11D0-8D11-00A0C91BC942}") = "OOP_Lab13_queue", "OOP_Lab13_queue\OOP_Lab13_queue.vcxproj", "{5D51BC12-AD6C-49F5-A953-E72B7034C875}"
EndProject
Project("{8BC9CEB8-8B4A-11D0-8D11-00A0C91BC942}") = "OOP_Lab13_map", "OOP_Lab13_map\OOP_Lab13_map.vcxproj", "{7806685F-3B65-4A39-B32B-81093CA7864C}"
EndProject
Project("{8BC9CEB8-8B4A-11D0-8D11-00A0C91BC942}") = "OOP_Lab1", "OOP_Lab1\OOP.vcxproj", "{FFE970A7-F493-4F61-AAA6-ED8FDBCF4004}"
EndProject
Project("{8BC9CEB8-8B4A-11D0-8D11-00A0C91BC942}") = "OOP_Lab2", "OOP_Lab2\OOP_Lab2.vcxproj", "{0BB4BE02-A73E-49A6-9A66-6FCE4274A86A}"
EndProject
Project("{8BC9CEB8-8B4A-11D0-8D11-00A0C91BC942}") = "OOP_Lab3", "OOP_Lab3\OOP_3.vcxproj", "{E4F18160-CE1E-47F9-AB11-CEB56E5AC904}"
EndProject
Project("{8BC9CEB8-8B4A-11D0-8D11-00A0C91BC942}") = "OOP_Lab4", "OOP_Lab4\OOP_Lab4.vcxproj", "{81372510-BF72-4F1E-90A9-6462A35ABEC7}"
EndProject
Project("{8BC9CEB8-8B4A-11D0-8D11-00A0C91BC942}") = "OOP_Lab5", "OOP_Lab5\OOP_Lab5.vcxproj", "{63DCA308-FE2D-4FA5-BD2C-4FB0C4192164}"
EndProject
Project("{8BC9CEB8-8B4A-11D0-8D11-00A0C91BC942}") = "OOP_Lab6", "OOP_Lab6\OOP_6.vcxproj", "{2EA6A222-8D98-44F6-851F-DF098E1AE78A}"
EndProject
Project("{8BC9CEB8-8B4A-11D0-8D11-00A0C91BC942}") = "OOP_Lab7", "OOP_Lab7\Lab7.vcxproj", "{C626BC37-95DB-4A10-8173-DE4D02C64E30}"
EndProject
Project("{8BC9CEB8-8B4A-11D0-8D11-00A0C91BC942}") = "OOP_Lab8", "OOP_Lab8\OOP_Lab8.vcxproj", "{25D56DE5-51A5-42BC-9527-D03A1F625251}"
EndProject
Project("{8BC9CEB8-8B4A-11D0-8D11-00A0C91BC942}") = "OOP_Lab9", "OOP_Lab9\OOP_Lab9.vcxproj", "{FBC5F44A-64A5-4F78-9DA6-C5E2685A60D7}"
EndProject
Project("{8BC9CEB8-8B4A-11D0-8D11-00A0C91BC942}") = "OOP_Lab10", "OOP_Lab10\OOP_Lab10.vcxproj", "{CA08899D-0EB1-462E-A439-5FDBBD702AAC}"
EndProject
Project("{8BC9CEB8-8B4A-11D0-8D11-00A0C91BC942}") = "ManyPhaseSort", "ManyPhaseSort\ManyPhaseSort.vcxproj", "{3AE3BD19-586E-4FE9-951C-576ADFB26ECB}"
EndProject
Project("{8BC9CEB8-8B4A-11D0-8D11-00A0C91BC942}") = "OnePhaseSort", "OnePhaseSort\OnePhaseSort.vcxproj", "{66B4E2AE-1BCB-454B-9F67-645842E18535}"
EndProject
Global
	GlobalSection(SolutionConfigurationPlatforms) = preSolution
		Debug|x64 = Debug|x64
		Debug|x86 = Debug|x86
		Release|x64 = Release|x64
		Release|x86 = Release|x86
	EndGlobalSection
	GlobalSection(ProjectConfigurationPlatforms) = postSolution
		{DFDC6B21-305A-4410-AEB2-E6285F969AF7}.Debug|x64.ActiveCfg = Debug|x64
		{DFDC6B21-305A-4410-AEB2-E6285F969AF7}.Debug|x64.Build.0 = Debug|x64
		{DFDC6B21-305A-4410-AEB2-E6285F969AF7}.Debug|x86.ActiveCfg = Debug|Win32
		{DFDC6B21-305A-4410-AEB2-E6285F969AF7}.Debug|x86.Build.0 = Debug|Win32
		{DFDC6B21-305A-4410-AEB2-E6285F969AF7}.Release|x64.ActiveCfg = Release|x64
		{DFDC6B21-305A-4410-AEB2-E6285F969AF7}.Release|x64.Build.0 = Release|x64
		{DFDC6B21-305A-4410-AEB2-E6285F969AF7}.Release|x86.ActiveCfg = Release|Win32
		{DFDC6B21-305A-4410-AEB2-E6285F969AF7}.Release|x86.Build.0 = Release|Win32
		{5D51BC12-AD6C-49F5-A953-E72B7034C875}.Debug|x64.ActiveCfg = Debug|x64
		{5D51BC12-AD6C-49F5-A953-E72B7034C875}.Debug|x64.Build.0 = Debug|x64
		{5D51BC12-AD6C-49F5-A953-E72B7034C875}.Debug|x86.ActiveCfg = Debug|Win32
		{5D51BC12-AD6C-49F5-A953-E72B7034C875}.Debug|x86.Build.0 = Debug|Win32
		{5D51BC12-AD6C-49F5-A953-E72B7034C875}.Release|x64.ActiveCfg = Release|x64
		{5D51BC12-AD6C-49F5-A953-E72B7034C875}.Release|x64.Build.0 = Release|x64
		{5D51BC12-AD6C-49F5-A953-E72B7034C875}.Release|x86.ActiveCfg = Release|Win32
		{5D51BC12-AD6C-49F5-A953-E72B7034C875}.Release|x86.Build.0 = Release|Win32
		{7806685F-3B65-4A39-B32B-81093CA7864C}.Debug|x64.ActiveCfg = Debug|x64
		{7806685F-3B65-4A39-B32B-81093CA7864C}.Debug|x64.Build.0 = Debug|x64
		{7806685F-3B65-4A39-B32B-81093CA7864C}.Debug|x86.ActiveCfg = Debug|Win32
		{7806685F-3B65-4A39-B32B-81093CA7864C}.Debug|x86.Build.0 = Debug|Win32
		{7806685F-3B65-4A39-B32B-81093CA7864C}.Release|x64.ActiveCfg = Release|x64
		{7806685F-3B65-4A39-B32B-81093CA7864C}.Release|x64.Build.0 = Release|x64
		{7806685F-3B65-4A39-B32B-81093CA7864C}.Release|x86.ActiveCfg = Release|Win32
		{7806685F-3B65-4A39-B32B-81093CA7864C}.Release|x86.Build.0 = Release|Win32
		{FFE970A7-F493-4F61-AAA6-ED8FDBCF4004}.Debug|x64.ActiveCfg = Debug|x64
		{FFE970A7-F493-4F61-AAA6-ED8FDBCF4004}.Debug|x64.Build.0 = Debug|x64
		{FFE970A7-F493-4F61-AAA6-ED8FDBCF4004}.Debug|x86.ActiveCfg = Debug|Win32
		{FFE970A7-F493-4F61-AAA6-ED8FDBCF4004}.Debug|x86.Build.0 = Debug|Win32
		{FFE970A7-F493-4F61-AAA6-ED8FDBCF4004}.Release|x64.ActiveCfg = Release|x64
		{FFE970A7-F493-4F61-AAA6-ED8FDBCF4004}.Release|x64.Build.0 = Release|x64
		{FFE970A7-F493-4F61-AAA6-ED8FDBCF4004}.Release|x86.ActiveCfg = Release|Win32
		{FFE970A7-F493-4F61-AAA6-ED8FDBCF4004}.Release|x86.Build.0 = Release|Win32
		{0BB4BE02-A73E-49A6-9A66-6FCE4274A86A}.Debug|x64.ActiveCfg = Debug|x64
		{0BB4BE02-A73E-49A6-9A66-6FCE4274A86A}.Debug|x64.Build.0 = Debug|x64
		{0BB4BE02-A73E-49A6-9A66-6FCE4274A86A}.Debug|x86.ActiveCfg = Debug|Win32
		{0BB4BE02-A73E-49A6-9A66-6FCE4274A86A}.Debug|x86.Build.0 = Debug|Win32
		{0BB4BE02-A73E-49A6-9A66-6FCE4274A86A}.Release|x64.ActiveCfg = Release|x64
		{0BB4BE02-A73E-49A6-9A66-6FCE4274A86A}.Release|x64.Build.0 = Release|x64
		{0BB4BE02-A73E-49A6-9A66-6FCE4274A86A}.Release|x86.ActiveCfg = Release|Win32
		{0BB4BE02-A73E-49A6-9A66-6FCE4274A86A}.Release|x86.Build.0 = Release|Win32
		{E4F18160-CE1E-47F9-AB11-CEB56E5AC904}.Debug|x64.ActiveCfg = Debug|x64
		{E4F18160-CE1E-47F9-AB11-CEB56E5AC904}.Debug|x64.Build.0 = Debug|x64
		{E4F18160-CE1E-47F9-AB11-CEB56E5AC904}.Debug|x86.ActiveCfg = Debug|Win32
		{E4F18160-CE1E-47F9-AB11-CEB56E5AC904}.Debug|x86.Build.0 = Debug|Win32
		{E4F18160-CE1E-47F9-AB11-CEB56E5AC904}.Release|x64.ActiveCfg = Release|x64
		{E4F18160-CE1E-47F9-AB11-CEB56E5AC904}.Release|x64.Build.0 = Release|x64
		{E4F18160-CE1E-47F9-AB11-CEB56E5AC904}.Release|x86.ActiveCfg = Release|Win32
		{E4F18160-CE1E-47F9-AB11-CEB56E5AC904}.Release|x86.Build.0 = Release|Win32
		{81372510-BF72-4F1E-90A9-6462A35ABEC7}.Debug|x64.ActiveCfg = Debug|x64
		{81372510-BF72-4F1E-90A9-6462A35ABEC7}.Debug|x64.Build.0 = Debug|x64
		{81372510-BF72-4F1E-90A9-6462A35ABEC7}.Debug|x86.ActiveCfg = Debug|Win32
		{81372510-BF72-4F1E-90A9-6462A35ABEC7}.Debug|x86.Build.0 = Debug|Win32
		{81372510-BF72-4F1E-90A9-6462A35ABEC7}.Release|x64.ActiveCfg = Release|x64
		{81372510-BF72-4F1E-90A9-6462A35ABEC7}.Release|x64.Build.0 = Release|x64
		{81372510-BF72-4F1E-90A9-6462A35ABEC7}.Release|x86.ActiveCfg = Release|Win32
		{81372510-BF72-4F1E-90A9-6462A35ABEC7}.Release|x86.Build.0 = Release|Win32
		{63DCA308-FE2D-4FA5-BD2C-4FB0C4192164}.Debug|x64.ActiveCfg = Debug|x64
		{63DCA308-FE2D-4FA5-BD2C-4FB0C4192164}.Debug|x64.Build.0 = Debug|x64
		{63DCA308-FE2D-4FA5-BD2C-4FB0C4192164}.Debug|x86.ActiveCfg = Debug|Win32
		{63DCA308-FE2D-4FA5-BD2C-4FB0C4192164}.Debug|x86.Build.0 = Debug|Win32
		{63DCA308-FE2D-4FA5-BD2C-4FB0C4192164}.Release|x64.ActiveCfg = Release|x64
		{63DCA308-FE2D-4FA5-BD2C-4FB0C4192164}.Release|x64.Build.0 = Release|x64
		{63DCA308-FE2D-4FA5-BD2C-4FB0C4192164}.Release|x86.ActiveCfg = Release|Win32
		{63DCA308-FE2D-4FA5-BD2C-4FB0C4192164}.Release|x86.Build.0 = Release|Win32
		{2EA6A222-8D98-44F6-851F-DF098E1AE78A}.Debug|x64.ActiveCfg = Debug|x64
		{2EA6A222-8D98-44F6-851F-DF098E1AE78A}.Debug|x64.Build.0 = Debug|x64
		{2EA6A222-8D98-44F6-851F-DF098E1AE78A}.Debug|x86.ActiveCfg = Debug|Win32
		{2EA6A222-8D98-44F6-851F-DF098E1AE78A}.Debug|x86.Build.0 = Debug|Win32
		{2EA6A222-8D98-44F6-851F-DF098E1AE78A}.Release|x64.ActiveCfg = Release|x64
		{2EA6A222-8D98-44F6-851F-DF098E1AE78A}.Release|x64.Build.0 = Release|x64
		{2EA6A222-8D98-44F6-851F-DF098E1AE78A}.Release|x86.ActiveCfg = Release|Win32
		{2EA6A222-8D98-44F6-851F-DF098E1AE78A}.Release|x86.Build.0 = Release|Win32
		{C626BC37-95DB-4A10-8173-DE4D02C64E30}.Debug|x64.ActiveCfg = Debug|x64
		{C626BC37-95DB-4A10-8173-DE4D02C64E30}.Debug|x64.Build.0 = Debug|x64
		{C626BC37-95DB-4A10-8173-DE4D02C64E30}.Debug|x86.ActiveCfg = Debug|Win32
		{C626BC37-95DB-4A10-8173-DE4D02C64E30}.Debug|x86.Build.0 = Debug|Win32
		{C626BC37-95DB-4A10-8173-DE4D02C64E30}.Release|x64.ActiveCfg = Release|x64
		{C626BC37-95DB-4A10-8173-DE4D02C64E30}.Release|x64.Build.0 = Release|x64
		{C626BC37-95DB-4A10-8173-DE4D02C64E30}.Release|x86.ActiveCfg = Release|Win32
		{C626BC37-95DB-4A10-8173-DE4D02C64E30}.Release|x86.Build.0 = Release|Win32
		{25D56DE5-51A5-42BC-9527-D03A1F625251}.Debug|x64.ActiveCfg = Debug|x64
		{25D56DE5-51A5-42BC-9527-D03A1F625251}.Debug|x64.Build.0 = Debug|x64
		{25D56DE5-51A5-42BC-9527-D03A1F625251}.Debug|x86.ActiveCfg = Debug|Win32
		{25D56DE5-51A5-42BC-9527-D03A1F625251}.Debug|x86.Build.0 = Debug|Win32
		{25D56DE5-51A5-42BC-9527-D03A1F625251}.Release|x64.ActiveCfg = Release|x64
		{25D56DE5-51A5-42BC-9527-D03A1F625251}.Release|x64.Build.0 = Release|x64
		{25D56DE5-51A5-42BC-9527-D03A1F625251}.Release|x86.ActiveCfg = Release|Win32
		{25D56DE5-51A5-42BC-9527-D03A1F625251}.Release|x86.Build.0 = Release|Win32
		{FBC5F44A-64A5-4F78-9DA6-C5E2685A60D7}.Debug|x64.ActiveCfg = Debug|x64
		{FBC5F44A-64A5-4F78-9DA6-C5E2685A60D7}.Debug|x64.Build.0 = Debug|x64
		{FBC5F44A-64A5-4F78-9DA6-C5E2685A60D7}.Debug|x86.ActiveCfg = Debug|Win32
		{FBC5F44A-64A5-4F78-9DA6-C5E2685A60D7}.Debug|x86.Build.0 = Debug|Win32
		{FBC5F44A-64A5-4F78-9DA6-C5E2685A60D7}.Release|x64.ActiveCfg = Release|x64
		{FBC5F44A-64A5-4F78-9DA6-C5E2685A60D7}.Release|x64.Build.0 = Release|x64
		{FBC5F44A-64A5-4F78-9DA6-C5E2685A60D7}.Release|x86.ActiveCfg = Release|Win32
		{FBC5F44A-64A5-4F78-9DA6-C5E2685A60D7}.Release|x86.Build.0 = Release|Win32
		{CA08899D-0EB1-462E-A439-5FDBBD702AAC}.Debug|x64.ActiveCfg = Debug|x64
		{CA08899D-0EB1-462E-A439-5FDBBD702AAC}.Debug|x64.Build.0 = Debug|x64
		{CA08899D-0EB1-462E-A439-5FDBBD702AAC}.Debug|x86.ActiveCfg = Debug|Win32
		{CA08899D-0EB1-462E-A439-5FDBBD702AAC}.Debug|x86.Build.0 = Debug|Win32
		{CA08899D-0EB1-462E-A439-5FDBBD702AAC}.Release|x64.ActiveCfg = Release|x64
		{CA08899D-0EB1-462E-A439-5FDBBD702AAC}.Release|x64.Build.0 = Release|x64
		{CA08899D-0EB1-462E-A439-5FDBBD702AAC}.Release|x86.ActiveCfg = Release|Win32
		{CA08899D-0EB1-462E-A439-5FDBBD702AAC}.Release|x86.Build.0 = Release|Win32
		{3AE3BD19-586E-4FE9-951C-576ADFB26ECB}.Debug|x64.ActiveCfg = Debug|x64
		{3AE3BD19-586E-4FE9-951C-576ADFB26ECB}.Debug|x64.Build.0 = Debug|x64
		{3AE3BD19-586E-4FE9-951C-576ADFB26ECB}.Debug|x86.ActiveCfg = Debug|Win32
		{3AE3BD19-586E-4FE9-951C-576ADFB26ECB}.Debug|x86.Build.0 = Debug|Win32
		{3AE3BD19-586E-4FE9-951C-576ADFB26ECB}.Release|x64.ActiveCfg = Release|x64
		{3AE3BD19-586E-4FE9-951C-576ADFB26ECB}.Release|x64.Build.0 = Release|x64
		{3AE3BD19-586E-4FE9-951C-576ADFB26ECB}.Release|x86.ActiveCfg = Release|Win32
		{3AE3BD19-586E-4FE9-951C-576ADFB26ECB}.Release|x86.Build.0 = Release|Win32
		{66B4E2AE-1BCB-454B-9F67-645842E18535}.Debug|x64.ActiveCfg = Debug|x64
		{66B4E2AE-1BCB-454B-9F67-645842E18535}.Debug|x64.Build.0 = Debug|x64
		{66B4E2AE-1BCB-454B-9F67-645842E18535}.Debug|x86.ActiveCfg = Debug|Win32
		{66B4E2AE-1BCB-454B-9F67-645842E18535}.Debug|x86.Build.0 = Debug|Win32
		{66B4E2AE-1BCB-454B-9F67-645842E18535}.Release|x64.ActiveCfg = Release|x64
		{66B4E2AE-1BCB-454B-9F67-645842E18535}.Release|x64.Build.0 = Release|x64
		{66B4E2AE-1BCB-454B-9F67-645842E18535}.Release|x86.ActiveCfg = Release|Win32
		{66B4E2AE-1BCB-454B-9F67-645842E18535}.Release|x86.Build.0 = Release|Win32
	EndGlobalSection
	GlobalSection(SolutionProperties) = preSolution
		HideSolutionNode = FALSE
	EndGlobalSection
	GlobalSection(ExtensibilityGlobals) = postSolution
		SolutionGuid = {E68ED605-A613-4D1F-A10A-F338FC2E7D06}
	EndGlobalSection
EndGlobal
