
Microsoft Visual Studio Solution File, Format Version 12.00
# Visual Studio Version 17
VisualStudioVersion = 17.8.34511.84
MinimumVisualStudioVersion = 10.0.40219.1
Project("{8BC9CEB8-8B4A-11D0-8D11-00A0C91BC942}") = "Lab11.2(Stack)", "Lab11.2(Stack).vcxproj", "{8D734882-F7A4-4792-926E-C5DFE2141FD5}"
EndProject
Global
	GlobalSection(SolutionConfigurationPlatforms) = preSolution
		Debug|x64 = Debug|x64
		Debug|x86 = Debug|x86
		Release|x64 = Release|x64
		Release|x86 = Release|x86
	EndGlobalSection
	GlobalSection(ProjectConfigurationPlatforms) = postSolution
		{8D734882-F7A4-4792-926E-C5DFE2141FD5}.Debug|x64.ActiveCfg = Debug|x64
		{8D734882-F7A4-4792-926E-C5DFE2141FD5}.Debug|x64.Build.0 = Debug|x64
		{8D734882-F7A4-4792-926E-C5DFE2141FD5}.Debug|x86.ActiveCfg = Debug|Win32
		{8D734882-F7A4-4792-926E-C5DFE2141FD5}.Debug|x86.Build.0 = Debug|Win32
		{8D734882-F7A4-4792-926E-C5DFE2141FD5}.Release|x64.ActiveCfg = Release|x64
		{8D734882-F7A4-4792-926E-C5DFE2141FD5}.Release|x64.Build.0 = Release|x64
		{8D734882-F7A4-4792-926E-C5DFE2141FD5}.Release|x86.ActiveCfg = Release|Win32
		{8D734882-F7A4-4792-926E-C5DFE2141FD5}.Release|x86.Build.0 = Release|Win32
	EndGlobalSection
	GlobalSection(SolutionProperties) = preSolution
		HideSolutionNode = FALSE
	EndGlobalSection
	GlobalSection(ExtensibilityGlobals) = postSolution
		SolutionGuid = {5B7F9FE5-4130-4006-AE11-2725388C9737}
	EndGlobalSection
EndGlobal
